PODS:
  - ZiggeoSwiftSDK (1.1.23)

DEPENDENCIES:
  - ZiggeoSwiftSDK (from `~/projects/ziggeo/ZigSwiftClientSDK/`)

EXTERNAL SOURCES:
  ZiggeoSwiftSDK:
    :path: "~/projects/ziggeo/ZigSwiftClientSDK/"

SPEC CHECKSUMS:
  ZiggeoSwiftSDK: 49b66bde44ac7e6a249b7054b97218347859d533

PODFILE CHECKSUM: 41b4d4e53c3e50eee8acbfea274048042d902caf

COCOAPODS: 1.9.3
