// !$*UTF8*$!
{
	archiveVersion = 1;
	classes = {
	};
	objectVersion = 54;
	objects = {

/* Begin PBXBuildFile section */
		9412F32B67EA44AE652F27D3 /* libPods-TestApplication.a in Frameworks */ = {isa = PBXBuildFile; fileRef = 6093EA3DEA49FF986722B28C /* libPods-TestApplication.a */; };
		D98123EF25895F2D00108352 /* (null) in Embed Frameworks (1 item) */ = {isa = PBXBuildFile; settings = {ATTRIBUTES = (CodeSignOnCopy, RemoveHeadersOnCopy, ); }; };
		FA65B1D31D65C05100DC784F /* AppDelegate.swift in Sources */ = {isa = PBXBuildFile; fileRef = FA65B1D21D65C05100DC784F /* AppDelegate.swift */; };
		FA65B1D51D65C05100DC784F /* ViewController.swift in Sources */ = {isa = PBXBuildFile; fileRef = FA65B1D41D65C05100DC784F /* ViewController.swift */; };
		FA65B1D81D65C05100DC784F /* Main.storyboard in Resources */ = {isa = PBXBuildFile; fileRef = FA65B1D61D65C05100DC784F /* Main.storyboard */; };
		FA65B1DA1D65C05100DC784F /* Assets.xcassets in Resources */ = {isa = PBXBuildFile; fileRef = FA65B1D91D65C05100DC784F /* Assets.xcassets */; };
		FA65B1DD1D65C05100DC784F /* LaunchScreen.storyboard in Resources */ = {isa = PBXBuildFile; fileRef = FA65B1DB1D65C05100DC784F /* LaunchScreen.storyboard */; };
		FD44D72D2BF6D32700AF1A6B /* CustomUIRecroderViewController.swift in Sources */ = {isa = PBXBuildFile; fileRef = FD44D72A2BF6D32700AF1A6B /* CustomUIRecroderViewController.swift */; };
		FD44D72E2BF6D32700AF1A6B /* CustomUIRecroderViewController.xib in Resources */ = {isa = PBXBuildFile; fileRef = FD44D72B2BF6D32700AF1A6B /* CustomUIRecroderViewController.xib */; };
		FDAF48462BF50A030078CC6F /* .swiftlint.yml in Resources */ = {isa = PBXBuildFile; fileRef = FDAF48452BF50A030078CC6F /* .swiftlint.yml */; };
		FDD8EACA2BEEBB6B00D5715A /* UIViewController.swift in Sources */ = {isa = PBXBuildFile; fileRef = FDD8EAC92BEEBB6B00D5715A /* UIViewController.swift */; };
/* End PBXBuildFile section */

/* Begin PBXCopyFilesBuildPhase section */
		FAD26D781E4231720034B66F /* Embed Frameworks (1 item) */ = {
			isa = PBXCopyFilesBuildPhase;
			buildActionMask = 2147483647;
			dstPath = "";
			dstSubfolderSpec = 10;
			files = (
				D98123EF25895F2D00108352 /* (null) in Embed Frameworks (1 item) */,
			);
			name = "Embed Frameworks (1 item)";
			runOnlyForDeploymentPostprocessing = 0;
		};
/* End PBXCopyFilesBuildPhase section */

/* Begin PBXFileReference section */
		3D06E0101B7B45AFC3E1BD26 /* Pods-TestApplication.debug.xcconfig */ = {isa = PBXFileReference; includeInIndex = 1; lastKnownFileType = text.xcconfig; name = "Pods-TestApplication.debug.xcconfig"; path = "Target Support Files/Pods-TestApplication/Pods-TestApplication.debug.xcconfig"; sourceTree = "<group>"; };
		44914609737E289D9479C52D /* Pods-TestApplication.release.xcconfig */ = {isa = PBXFileReference; includeInIndex = 1; lastKnownFileType = text.xcconfig; name = "Pods-TestApplication.release.xcconfig"; path = "Target Support Files/Pods-TestApplication/Pods-TestApplication.release.xcconfig"; sourceTree = "<group>"; };
		6093EA3DEA49FF986722B28C /* libPods-TestApplication.a */ = {isa = PBXFileReference; explicitFileType = archive.ar; includeInIndex = 0; path = "libPods-TestApplication.a"; sourceTree = BUILT_PRODUCTS_DIR; };
		842910E425012C4400FAAEE1 /* ReplayKit.framework */ = {isa = PBXFileReference; lastKnownFileType = wrapper.framework; name = ReplayKit.framework; path = System/Library/Frameworks/ReplayKit.framework; sourceTree = SDKROOT; };
		842910F025012C4500FAAEE1 /* UIKit.framework */ = {isa = PBXFileReference; lastKnownFileType = wrapper.framework; name = UIKit.framework; path = System/Library/Frameworks/UIKit.framework; sourceTree = SDKROOT; };
		FA65B1CF1D65C05100DC784F /* TestApplication.app */ = {isa = PBXFileReference; explicitFileType = wrapper.application; includeInIndex = 0; path = TestApplication.app; sourceTree = BUILT_PRODUCTS_DIR; };
		FA65B1D21D65C05100DC784F /* AppDelegate.swift */ = {isa = PBXFileReference; lastKnownFileType = sourcecode.swift; path = AppDelegate.swift; sourceTree = "<group>"; };
		FA65B1D41D65C05100DC784F /* ViewController.swift */ = {isa = PBXFileReference; lastKnownFileType = sourcecode.swift; path = ViewController.swift; sourceTree = "<group>"; };
		FA65B1D71D65C05100DC784F /* Base */ = {isa = PBXFileReference; lastKnownFileType = file.storyboard; name = Base; path = Base.lproj/Main.storyboard; sourceTree = "<group>"; };
		FA65B1D91D65C05100DC784F /* Assets.xcassets */ = {isa = PBXFileReference; lastKnownFileType = folder.assetcatalog; path = Assets.xcassets; sourceTree = "<group>"; };
		FA65B1DC1D65C05100DC784F /* Base */ = {isa = PBXFileReference; lastKnownFileType = file.storyboard; name = Base; path = Base.lproj/LaunchScreen.storyboard; sourceTree = "<group>"; };
		FA65B1DE1D65C05100DC784F /* Info.plist */ = {isa = PBXFileReference; lastKnownFileType = text.plist.xml; path = Info.plist; sourceTree = "<group>"; };
		FD44D72A2BF6D32700AF1A6B /* CustomUIRecroderViewController.swift */ = {isa = PBXFileReference; fileEncoding = 4; lastKnownFileType = sourcecode.swift; path = CustomUIRecroderViewController.swift; sourceTree = "<group>"; };
		FD44D72B2BF6D32700AF1A6B /* CustomUIRecroderViewController.xib */ = {isa = PBXFileReference; fileEncoding = 4; lastKnownFileType = file.xib; path = CustomUIRecroderViewController.xib; sourceTree = "<group>"; };
		FDAF48452BF50A030078CC6F /* .swiftlint.yml */ = {isa = PBXFileReference; fileEncoding = 4; lastKnownFileType = text.yaml; path = .swiftlint.yml; sourceTree = "<group>"; };
		FDD8EAC92BEEBB6B00D5715A /* UIViewController.swift */ = {isa = PBXFileReference; lastKnownFileType = sourcecode.swift; path = UIViewController.swift; sourceTree = "<group>"; };
/* End PBXFileReference section */

/* Begin PBXFrameworksBuildPhase section */
		FA65B1CC1D65C05100DC784F /* Frameworks */ = {
			isa = PBXFrameworksBuildPhase;
			buildActionMask = 2147483647;
			files = (
				9412F32B67EA44AE652F27D3 /* libPods-TestApplication.a in Frameworks */,
			);
			runOnlyForDeploymentPostprocessing = 0;
		};
/* End PBXFrameworksBuildPhase section */

/* Begin PBXGroup section */
		654CBCDF1CC405A336D957DD /* Pods */ = {
			isa = PBXGroup;
			children = (
				3D06E0101B7B45AFC3E1BD26 /* Pods-TestApplication.debug.xcconfig */,
				44914609737E289D9479C52D /* Pods-TestApplication.release.xcconfig */,
			);
			path = Pods;
			sourceTree = "<group>";
		};
		842910E325012C4400FAAEE1 /* Frameworks */ = {
			isa = PBXGroup;
			children = (
				842910E425012C4400FAAEE1 /* ReplayKit.framework */,
				842910F025012C4500FAAEE1 /* UIKit.framework */,
				6093EA3DEA49FF986722B28C /* libPods-TestApplication.a */,
			);
			name = Frameworks;
			sourceTree = "<group>";
		};
		FA65B1C61D65C05100DC784F = {
			isa = PBXGroup;
			children = (
				FA65B1D11D65C05100DC784F /* TestApplication */,
				FDAF48442BF509F70078CC6F /* SwiftLint */,
				842910E325012C4400FAAEE1 /* Frameworks */,
				FA65B1D01D65C05100DC784F /* Products */,
				654CBCDF1CC405A336D957DD /* Pods */,
			);
			sourceTree = "<group>";
		};
		FA65B1D01D65C05100DC784F /* Products */ = {
			isa = PBXGroup;
			children = (
				FA65B1CF1D65C05100DC784F /* TestApplication.app */,
			);
			name = Products;
			sourceTree = "<group>";
		};
		FA65B1D11D65C05100DC784F /* TestApplication */ = {
			isa = PBXGroup;
			children = (
				FDAF48472BF50A440078CC6F /* Application */,
				FD44D72C2BF6D32700AF1A6B /* CustomUIRecroder */,
				FDD8EAC72BEEBB3700D5715A /* Extensions */,
			);
			path = TestApplication;
			sourceTree = "<group>";
		};
		FD44D72C2BF6D32700AF1A6B /* CustomUIRecroder */ = {
			isa = PBXGroup;
			children = (
				FD44D72A2BF6D32700AF1A6B /* CustomUIRecroderViewController.swift */,
				FD44D72B2BF6D32700AF1A6B /* CustomUIRecroderViewController.xib */,
			);
			path = CustomUIRecroder;
			sourceTree = "<group>";
		};
		FDAF48442BF509F70078CC6F /* SwiftLint */ = {
			isa = PBXGroup;
			children = (
				FDAF48452BF50A030078CC6F /* .swiftlint.yml */,
			);
			name = SwiftLint;
			sourceTree = "<group>";
		};
		FDAF48472BF50A440078CC6F /* Application */ = {
			isa = PBXGroup;
			children = (
				FA65B1D21D65C05100DC784F /* AppDelegate.swift */,
				FA65B1D41D65C05100DC784F /* ViewController.swift */,
				FA65B1D61D65C05100DC784F /* Main.storyboard */,
				FA65B1D91D65C05100DC784F /* Assets.xcassets */,
				FA65B1DB1D65C05100DC784F /* LaunchScreen.storyboard */,
				FA65B1DE1D65C05100DC784F /* Info.plist */,
			);
			path = Application;
			sourceTree = "<group>";
		};
		FDD8EAC72BEEBB3700D5715A /* Extensions */ = {
			isa = PBXGroup;
			children = (
				FDD8EAC82BEEBB3F00D5715A /* UIKit */,
			);
			path = Extensions;
			sourceTree = "<group>";
		};
		FDD8EAC82BEEBB3F00D5715A /* UIKit */ = {
			isa = PBXGroup;
			children = (
				FDD8EAC92BEEBB6B00D5715A /* UIViewController.swift */,
			);
			path = UIKit;
			sourceTree = "<group>";
		};
/* End PBXGroup section */

/* Begin PBXNativeTarget section */
		FA65B1CE1D65C05100DC784F /* TestApplication */ = {
			isa = PBXNativeTarget;
			buildConfigurationList = FA65B1E11D65C05100DC784F /* Build configuration list for PBXNativeTarget "TestApplication" */;
			buildPhases = (
				FA2233E6E5AF530C994AF40A /* [CP] Check Pods Manifest.lock */,
				FDAF48482BF50B060078CC6F /* SwiftLint */,
				FA65B1CB1D65C05100DC784F /* Sources */,
				FA65B1CC1D65C05100DC784F /* Frameworks */,
				FA65B1CD1D65C05100DC784F /* Resources */,
				FAD26D781E4231720034B66F /* Embed Frameworks (1 item) */,
				FA9BE02C1E86DB620000170A /* ShellScript */,
				3361F6A752200CEC43E937B9 /* [CP] Embed Pods Frameworks */,
			);
			buildRules = (
			);
			dependencies = (
			);
			name = TestApplication;
			productName = TestApplication;
			productReference = FA65B1CF1D65C05100DC784F /* TestApplication.app */;
			productType = "com.apple.product-type.application";
		};
/* End PBXNativeTarget section */

/* Begin PBXProject section */
		FA65B1C71D65C05100DC784F /* Project object */ = {
			isa = PBXProject;
			attributes = {
				LastSwiftUpdateCheck = 1140;
				LastUpgradeCheck = 1540;
				ORGANIZATIONNAME = "Ziggeo Inc";
				TargetAttributes = {
					FA65B1CE1D65C05100DC784F = {
						CreatedOnToolsVersion = 7.3.1;
						DevelopmentTeam = MD9AQL359V;
						LastSwiftMigration = 1240;
					};
				};
			};
			buildConfigurationList = FA65B1CA1D65C05100DC784F /* Build configuration list for PBXProject "TestApplication" */;
			compatibilityVersion = "Xcode 3.2";
			developmentRegion = English;
			hasScannedForEncodings = 0;
			knownRegions = (
				English,
				en,
				Base,
			);
			mainGroup = FA65B1C61D65C05100DC784F;
			productRefGroup = FA65B1D01D65C05100DC784F /* Products */;
			projectDirPath = "";
			projectRoot = "";
			targets = (
				FA65B1CE1D65C05100DC784F /* TestApplication */,
			);
		};
/* End PBXProject section */

/* Begin PBXResourcesBuildPhase section */
		FA65B1CD1D65C05100DC784F /* Resources */ = {
			isa = PBXResourcesBuildPhase;
			buildActionMask = 2147483647;
			files = (
				FDAF48462BF50A030078CC6F /* .swiftlint.yml in Resources */,
				FD44D72E2BF6D32700AF1A6B /* CustomUIRecroderViewController.xib in Resources */,
				FA65B1DD1D65C05100DC784F /* LaunchScreen.storyboard in Resources */,
				FA65B1DA1D65C05100DC784F /* Assets.xcassets in Resources */,
				FA65B1D81D65C05100DC784F /* Main.storyboard in Resources */,
			);
			runOnlyForDeploymentPostprocessing = 0;
		};
/* End PBXResourcesBuildPhase section */

/* Begin PBXShellScriptBuildPhase section */
		3361F6A752200CEC43E937B9 /* [CP] Embed Pods Frameworks */ = {
			isa = PBXShellScriptBuildPhase;
			buildActionMask = 2147483647;
			files = (
			);
			inputPaths = (
				"${PODS_ROOT}/Target Support Files/Pods-TestApplication/Pods-TestApplication-frameworks.sh",
				"${PODS_ROOT}/GoogleAds-IMA-iOS-SDK/GoogleInteractiveMediaAds.framework",
				"${PODS_ROOT}/ZiggeoMediaSwiftSDK/Frameworks/SelfieSegmentation.framework",
				"${PODS_ROOT}/ZiggeoMediaSwiftSDK/Frameworks/ZiggeoMediaSwiftSDK.framework",
			);
			name = "[CP] Embed Pods Frameworks";
			outputPaths = (
				"${TARGET_BUILD_DIR}/${FRAMEWORKS_FOLDER_PATH}/GoogleInteractiveMediaAds.framework",
				"${TARGET_BUILD_DIR}/${FRAMEWORKS_FOLDER_PATH}/SelfieSegmentation.framework",
				"${TARGET_BUILD_DIR}/${FRAMEWORKS_FOLDER_PATH}/ZiggeoMediaSwiftSDK.framework",
			);
			runOnlyForDeploymentPostprocessing = 0;
			shellPath = /bin/sh;
			shellScript = "\"${PODS_ROOT}/Target Support Files/Pods-TestApplication/Pods-TestApplication-frameworks.sh\"\n";
			showEnvVarsInLog = 0;
		};
		FA2233E6E5AF530C994AF40A /* [CP] Check Pods Manifest.lock */ = {
			isa = PBXShellScriptBuildPhase;
			buildActionMask = 2147483647;
			files = (
			);
			inputFileListPaths = (
			);
			inputPaths = (
				"${PODS_PODFILE_DIR_PATH}/Podfile.lock",
				"${PODS_ROOT}/Manifest.lock",
			);
			name = "[CP] Check Pods Manifest.lock";
			outputFileListPaths = (
			);
			outputPaths = (
				"$(DERIVED_FILE_DIR)/Pods-TestApplication-checkManifestLockResult.txt",
			);
			runOnlyForDeploymentPostprocessing = 0;
			shellPath = /bin/sh;
			shellScript = "diff \"${PODS_PODFILE_DIR_PATH}/Podfile.lock\" \"${PODS_ROOT}/Manifest.lock\" > /dev/null\nif [ $? != 0 ] ; then\n    # print error to STDERR\n    echo \"error: The sandbox is not in sync with the Podfile.lock. Run 'pod install' or update your CocoaPods installation.\" >&2\n    exit 1\nfi\n# This output is used by Xcode 'outputs' to avoid re-running this script phase.\necho \"SUCCESS\" > \"${SCRIPT_OUTPUT_FILE_0}\"\n";
			showEnvVarsInLog = 0;
		};
		FA9BE02C1E86DB620000170A /* ShellScript */ = {
			isa = PBXShellScriptBuildPhase;
			buildActionMask = 2147483647;
			files = (
			);
			inputPaths = (
			);
			outputPaths = (
			);
			runOnlyForDeploymentPostprocessing = 0;
			shellPath = /bin/sh;
			shellScript = "# Signs a framework with the provided identity\ncode_sign() {\n    # Use the current code_sign_identitiy\n    echo \"Code Signing $1 with Identity ${EXPANDED_CODE_SIGN_IDENTITY_NAME}\"\n    echo \"/usr/bin/codesign --force --sign ${EXPANDED_CODE_SIGN_IDENTITY} --preserve-metadata=identifier,entitlements $1\"\n    /usr/bin/codesign --force --sign ${EXPANDED_CODE_SIGN_IDENTITY} --preserve-metadata=identifier,entitlements \"$1\"\n}\n\necho \"Stripping frameworks\"\ncd \"${BUILT_PRODUCTS_DIR}/${FRAMEWORKS_FOLDER_PATH}\"\n\nfor file in $(find . -type f -perm +111); do\n# Skip non-dynamic libraries\nif ! [[ \"$(file \"$file\")\" == *\"dynamically linked shared library\"* ]]; then\ncontinue\nfi\n# Get architectures for current file\narchs=\"$(lipo -info \"${file}\" | rev | cut -d ':' -f1 | rev)\"\nstripped=\"\"\nfor arch in $archs; do\nif ! [[ \"${VALID_ARCHS}\" == *\"$arch\"* ]]; then\n# Strip non-valid architectures in-place\nlipo -remove \"$arch\" -output \"$file\" \"$file\" || exit 1\nstripped=\"$stripped $arch\"\nfi\ndone\nif [[ \"$stripped\" != \"\" ]]; then\necho \"Stripped $file of architectures:$stripped\"\nif [ \"${CODE_SIGNING_REQUIRED}\" == \"YES\" ]; then\ncode_sign \"${file}\"\nfi\nfi\ndone\n";
		};
		FDAF48482BF50B060078CC6F /* SwiftLint */ = {
			isa = PBXShellScriptBuildPhase;
			alwaysOutOfDate = 1;
			buildActionMask = 2147483647;
			files = (
			);
			inputFileListPaths = (
			);
			inputPaths = (
			);
			name = SwiftLint;
			outputFileListPaths = (
			);
			outputPaths = (
			);
			runOnlyForDeploymentPostprocessing = 0;
			shellPath = /bin/sh;
			shellScript = "\"${PODS_ROOT}/SwiftLint/swiftlint\"\n";
		};
/* End PBXShellScriptBuildPhase section */

/* Begin PBXSourcesBuildPhase section */
		FA65B1CB1D65C05100DC784F /* Sources */ = {
			isa = PBXSourcesBuildPhase;
			buildActionMask = 2147483647;
			files = (
				FA65B1D51D65C05100DC784F /* ViewController.swift in Sources */,
				FD44D72D2BF6D32700AF1A6B /* CustomUIRecroderViewController.swift in Sources */,
				FDD8EACA2BEEBB6B00D5715A /* UIViewController.swift in Sources */,
				FA65B1D31D65C05100DC784F /* AppDelegate.swift in Sources */,
			);
			runOnlyForDeploymentPostprocessing = 0;
		};
/* End PBXSourcesBuildPhase section */

/* Begin PBXVariantGroup section */
		FA65B1D61D65C05100DC784F /* Main.storyboard */ = {
			isa = PBXVariantGroup;
			children = (
				FA65B1D71D65C05100DC784F /* Base */,
			);
			name = Main.storyboard;
			sourceTree = "<group>";
		};
		FA65B1DB1D65C05100DC784F /* LaunchScreen.storyboard */ = {
			isa = PBXVariantGroup;
			children = (
				FA65B1DC1D65C05100DC784F /* Base */,
			);
			name = LaunchScreen.storyboard;
			sourceTree = "<group>";
		};
/* End PBXVariantGroup section */

/* Begin XCBuildConfiguration section */
		FA65B1DF1D65C05100DC784F /* Debug */ = {
			isa = XCBuildConfiguration;
			buildSettings = {
				ALWAYS_SEARCH_USER_PATHS = NO;
				CLANG_ANALYZER_NONNULL = YES;
				CLANG_CXX_LANGUAGE_STANDARD = "gnu++0x";
				CLANG_CXX_LIBRARY = "libc++";
				CLANG_ENABLE_MODULES = YES;
				CLANG_ENABLE_OBJC_ARC = YES;
				CLANG_WARN_BLOCK_CAPTURE_AUTORELEASING = YES;
				CLANG_WARN_BOOL_CONVERSION = YES;
				CLANG_WARN_COMMA = YES;
				CLANG_WARN_CONSTANT_CONVERSION = YES;
				CLANG_WARN_DEPRECATED_OBJC_IMPLEMENTATIONS = YES;
				CLANG_WARN_DIRECT_OBJC_ISA_USAGE = YES_ERROR;
				CLANG_WARN_EMPTY_BODY = YES;
				CLANG_WARN_ENUM_CONVERSION = YES;
				CLANG_WARN_INFINITE_RECURSION = YES;
				CLANG_WARN_INT_CONVERSION = YES;
				CLANG_WARN_NON_LITERAL_NULL_CONVERSION = YES;
				CLANG_WARN_OBJC_IMPLICIT_RETAIN_SELF = YES;
				CLANG_WARN_OBJC_LITERAL_CONVERSION = YES;
				CLANG_WARN_OBJC_ROOT_CLASS = YES_ERROR;
				CLANG_WARN_QUOTED_INCLUDE_IN_FRAMEWORK_HEADER = YES;
				CLANG_WARN_RANGE_LOOP_ANALYSIS = YES;
				CLANG_WARN_STRICT_PROTOTYPES = YES;
				CLANG_WARN_SUSPICIOUS_MOVE = YES;
				CLANG_WARN_UNREACHABLE_CODE = YES;
				CLANG_WARN__DUPLICATE_METHOD_MATCH = YES;
				"CODE_SIGN_IDENTITY[sdk=iphoneos*]" = "iPhone Developer";
				COPY_PHASE_STRIP = NO;
				DEBUG_INFORMATION_FORMAT = dwarf;
				ENABLE_STRICT_OBJC_MSGSEND = YES;
				ENABLE_TESTABILITY = YES;
				EXCLUDED_ARCHS = "";
				"EXCLUDED_ARCHS[sdk=iphonesimulator*]" = arm64;
				FRAMEWORK_SEARCH_PATHS = "$(inherited)";
				GCC_C_LANGUAGE_STANDARD = gnu99;
				GCC_DYNAMIC_NO_PIC = NO;
				GCC_NO_COMMON_BLOCKS = YES;
				GCC_OPTIMIZATION_LEVEL = 0;
				GCC_PREPROCESSOR_DEFINITIONS = (
					"DEBUG=1",
					"$(inherited)",
				);
				GCC_WARN_64_TO_32_BIT_CONVERSION = YES;
				GCC_WARN_ABOUT_RETURN_TYPE = YES_ERROR;
				GCC_WARN_UNDECLARED_SELECTOR = YES;
				GCC_WARN_UNINITIALIZED_AUTOS = YES_AGGRESSIVE;
				GCC_WARN_UNUSED_FUNCTION = YES;
				GCC_WARN_UNUSED_VARIABLE = YES;
				IPHONEOS_DEPLOYMENT_TARGET = 15.0;
				MTL_ENABLE_DEBUG_INFO = YES;
				ONLY_ACTIVE_ARCH = NO;
				SDKROOT = iphoneos;
				SWIFT_OPTIMIZATION_LEVEL = "-Onone";
				TARGETED_DEVICE_FAMILY = "1,2";
			};
			name = Debug;
		};
		FA65B1E01D65C05100DC784F /* Release */ = {
			isa = XCBuildConfiguration;
			buildSettings = {
				ALWAYS_SEARCH_USER_PATHS = NO;
				CLANG_ANALYZER_NONNULL = YES;
				CLANG_CXX_LANGUAGE_STANDARD = "gnu++0x";
				CLANG_CXX_LIBRARY = "libc++";
				CLANG_ENABLE_MODULES = YES;
				CLANG_ENABLE_OBJC_ARC = YES;
				CLANG_WARN_BLOCK_CAPTURE_AUTORELEASING = YES;
				CLANG_WARN_BOOL_CONVERSION = YES;
				CLANG_WARN_COMMA = YES;
				CLANG_WARN_CONSTANT_CONVERSION = YES;
				CLANG_WARN_DEPRECATED_OBJC_IMPLEMENTATIONS = YES;
				CLANG_WARN_DIRECT_OBJC_ISA_USAGE = YES_ERROR;
				CLANG_WARN_EMPTY_BODY = YES;
				CLANG_WARN_ENUM_CONVERSION = YES;
				CLANG_WARN_INFINITE_RECURSION = YES;
				CLANG_WARN_INT_CONVERSION = YES;
				CLANG_WARN_NON_LITERAL_NULL_CONVERSION = YES;
				CLANG_WARN_OBJC_IMPLICIT_RETAIN_SELF = YES;
				CLANG_WARN_OBJC_LITERAL_CONVERSION = YES;
				CLANG_WARN_OBJC_ROOT_CLASS = YES_ERROR;
				CLANG_WARN_QUOTED_INCLUDE_IN_FRAMEWORK_HEADER = YES;
				CLANG_WARN_RANGE_LOOP_ANALYSIS = YES;
				CLANG_WARN_STRICT_PROTOTYPES = YES;
				CLANG_WARN_SUSPICIOUS_MOVE = YES;
				CLANG_WARN_UNREACHABLE_CODE = YES;
				CLANG_WARN__DUPLICATE_METHOD_MATCH = YES;
				"CODE_SIGN_IDENTITY[sdk=iphoneos*]" = "iPhone Developer";
				COPY_PHASE_STRIP = NO;
				DEBUG_INFORMATION_FORMAT = "dwarf-with-dsym";
				ENABLE_NS_ASSERTIONS = NO;
				ENABLE_STRICT_OBJC_MSGSEND = YES;
				EXCLUDED_ARCHS = "";
				"EXCLUDED_ARCHS[sdk=iphonesimulator*]" = arm64;
				FRAMEWORK_SEARCH_PATHS = "$(inherited)";
				GCC_C_LANGUAGE_STANDARD = gnu99;
				GCC_NO_COMMON_BLOCKS = YES;
				GCC_WARN_64_TO_32_BIT_CONVERSION = YES;
				GCC_WARN_ABOUT_RETURN_TYPE = YES_ERROR;
				GCC_WARN_UNDECLARED_SELECTOR = YES;
				GCC_WARN_UNINITIALIZED_AUTOS = YES_AGGRESSIVE;
				GCC_WARN_UNUSED_FUNCTION = YES;
				GCC_WARN_UNUSED_VARIABLE = YES;
				IPHONEOS_DEPLOYMENT_TARGET = 15.0;
				MTL_ENABLE_DEBUG_INFO = NO;
				SDKROOT = iphoneos;
				SWIFT_COMPILATION_MODE = wholemodule;
				TARGETED_DEVICE_FAMILY = "1,2";
				VALIDATE_PRODUCT = YES;
			};
			name = Release;
		};
		FA65B1E21D65C05100DC784F /* Debug */ = {
			isa = XCBuildConfiguration;
			baseConfigurationReference = 3D06E0101B7B45AFC3E1BD26 /* Pods-TestApplication.debug.xcconfig */;
			buildSettings = {
				ARCHS = "$(ARCHS_STANDARD)";
				ASSETCATALOG_COMPILER_APPICON_NAME = AppIcon;
				CLANG_ENABLE_MODULES = YES;
				DEVELOPMENT_TEAM = MD9AQL359V;
				ENABLE_BITCODE = NO;
				EXCLUDED_ARCHS = "";
				"EXCLUDED_ARCHS[sdk=iphonesimulator*]" = arm64;
				FRAMEWORK_SEARCH_PATHS = (
					"$(inherited)",
					"$(PROJECT_DIR)",
				);
				HEADER_SEARCH_PATHS = "$(inherited)";
				INFOPLIST_FILE = TestApplication/Application/Info.plist;
				IPHONEOS_DEPLOYMENT_TARGET = 15.0;
				LD_RUNPATH_SEARCH_PATHS = (
					"$(inherited)",
					"@executable_path/Frameworks",
				);
				MARKETING_VERSION = "1.1.45-blurring";
				PRODUCT_BUNDLE_IDENTIFIER = Ziggeo.TestApplication;
				PRODUCT_NAME = "$(TARGET_NAME)";
				SWIFT_OPTIMIZATION_LEVEL = "-Onone";
				SWIFT_VERSION = 5.0;
			};
			name = Debug;
		};
		FA65B1E31D65C05100DC784F /* Release */ = {
			isa = XCBuildConfiguration;
			baseConfigurationReference = 44914609737E289D9479C52D /* Pods-TestApplication.release.xcconfig */;
			buildSettings = {
				ARCHS = "$(ARCHS_STANDARD)";
				ASSETCATALOG_COMPILER_APPICON_NAME = AppIcon;
				CLANG_ENABLE_MODULES = YES;
				DEVELOPMENT_TEAM = MD9AQL359V;
				ENABLE_BITCODE = NO;
				EXCLUDED_ARCHS = "";
				"EXCLUDED_ARCHS[sdk=iphonesimulator*]" = arm64;
				FRAMEWORK_SEARCH_PATHS = (
					"$(inherited)",
					"$(PROJECT_DIR)",
				);
				HEADER_SEARCH_PATHS = "$(inherited)";
				INFOPLIST_FILE = TestApplication/Application/Info.plist;
				IPHONEOS_DEPLOYMENT_TARGET = 15.0;
				LD_RUNPATH_SEARCH_PATHS = (
					"$(inherited)",
					"@executable_path/Frameworks",
				);
				MARKETING_VERSION = "1.1.45-blurring";
				PRODUCT_BUNDLE_IDENTIFIER = Ziggeo.TestApplication;
				PRODUCT_NAME = "$(TARGET_NAME)";
				SWIFT_VERSION = 5.0;
			};
			name = Release;
		};
/* End XCBuildConfiguration section */

/* Begin XCConfigurationList section */
		FA65B1CA1D65C05100DC784F /* Build configuration list for PBXProject "TestApplication" */ = {
			isa = XCConfigurationList;
			buildConfigurations = (
				FA65B1DF1D65C05100DC784F /* Debug */,
				FA65B1E01D65C05100DC784F /* Release */,
			);
			defaultConfigurationIsVisible = 0;
			defaultConfigurationName = Release;
		};
		FA65B1E11D65C05100DC784F /* Build configuration list for PBXNativeTarget "TestApplication" */ = {
			isa = XCConfigurationList;
			buildConfigurations = (
				FA65B1E21D65C05100DC784F /* Debug */,
				FA65B1E31D65C05100DC784F /* Release */,
			);
			defaultConfigurationIsVisible = 0;
			defaultConfigurationName = Release;
		};
/* End XCConfigurationList section */
	};
	rootObject = FA65B1C71D65C05100DC784F /* Project object */;
}
