// !$*UTF8*$!
{
	archiveVersion = 1;
	classes = {
	};
	objectVersion = 48;
	objects = {

/* Begin PBXBuildFile section */
		FAFF533420038D3F00D5704D /* AppDelegate.swift in Sources */ = {isa = PBXBuildFile; fileRef = FAFF533320038D3F00D5704D /* AppDelegate.swift */; };
		FAFF533620038D3F00D5704D /* ViewController.swift in Sources */ = {isa = PBXBuildFile; fileRef = FAFF533520038D3F00D5704D /* ViewController.swift */; };
		FAFF533920038D3F00D5704D /* Main.storyboard in Resources */ = {isa = PBXBuildFile; fileRef = FAFF533720038D3F00D5704D /* Main.storyboard */; };
		FAFF533B20038D3F00D5704D /* Assets.xcassets in Resources */ = {isa = PBXBuildFile; fileRef = FAFF533A20038D3F00D5704D /* Assets.xcassets */; };
		FAFF533E20038D3F00D5704D /* LaunchScreen.storyboard in Resources */ = {isa = PBXBuildFile; fileRef = FAFF533C20038D3F00D5704D /* LaunchScreen.storyboard */; };
		FAFF534720038D7B00D5704D /* ZiggeoSwiftFramework.framework in Frameworks */ = {isa = PBXBuildFile; fileRef = FAFF534520038D6D00D5704D /* ZiggeoSwiftFramework.framework */; };
		FAFF534820038D7B00D5704D /* ZiggeoSwiftFramework.framework in Embed Frameworks */ = {isa = PBXBuildFile; fileRef = FAFF534520038D6D00D5704D /* ZiggeoSwiftFramework.framework */; settings = {ATTRIBUTES = (CodeSignOnCopy, RemoveHeadersOnCopy, ); }; };
		FAFF534E20038DF000D5704D /* CustomPreviewController.swift in Sources */ = {isa = PBXBuildFile; fileRef = FAFF534C20038DF000D5704D /* CustomPreviewController.swift */; };
		FAFF534F20038DF000D5704D /* CustomPreviewController.xib in Resources */ = {isa = PBXBuildFile; fileRef = FAFF534D20038DF000D5704D /* CustomPreviewController.xib */; };
/* End PBXBuildFile section */

/* Begin PBXCopyFilesBuildPhase section */
		FAFF534920038D7B00D5704D /* Embed Frameworks */ = {
			isa = PBXCopyFilesBuildPhase;
			buildActionMask = 2147483647;
			dstPath = "";
			dstSubfolderSpec = 10;
			files = (
				FAFF534820038D7B00D5704D /* ZiggeoSwiftFramework.framework in Embed Frameworks */,
			);
			name = "Embed Frameworks";
			runOnlyForDeploymentPostprocessing = 0;
		};
/* End PBXCopyFilesBuildPhase section */

/* Begin PBXFileReference section */
		FAFF533020038D3F00D5704D /* CustomPreview.app */ = {isa = PBXFileReference; explicitFileType = wrapper.application; includeInIndex = 0; path = CustomPreview.app; sourceTree = BUILT_PRODUCTS_DIR; };
		FAFF533320038D3F00D5704D /* AppDelegate.swift */ = {isa = PBXFileReference; lastKnownFileType = sourcecode.swift; path = AppDelegate.swift; sourceTree = "<group>"; };
		FAFF533520038D3F00D5704D /* ViewController.swift */ = {isa = PBXFileReference; lastKnownFileType = sourcecode.swift; path = ViewController.swift; sourceTree = "<group>"; };
		FAFF533820038D3F00D5704D /* Base */ = {isa = PBXFileReference; lastKnownFileType = file.storyboard; name = Base; path = Base.lproj/Main.storyboard; sourceTree = "<group>"; };
		FAFF533A20038D3F00D5704D /* Assets.xcassets */ = {isa = PBXFileReference; lastKnownFileType = folder.assetcatalog; path = Assets.xcassets; sourceTree = "<group>"; };
		FAFF533D20038D3F00D5704D /* Base */ = {isa = PBXFileReference; lastKnownFileType = file.storyboard; name = Base; path = Base.lproj/LaunchScreen.storyboard; sourceTree = "<group>"; };
		FAFF533F20038D3F00D5704D /* Info.plist */ = {isa = PBXFileReference; lastKnownFileType = text.plist.xml; path = Info.plist; sourceTree = "<group>"; };
		FAFF534520038D6D00D5704D /* ZiggeoSwiftFramework.framework */ = {isa = PBXFileReference; lastKnownFileType = wrapper.framework; name = ZiggeoSwiftFramework.framework; path = ../../Output/swift3.2.2/Universal/ZiggeoSwiftFramework.framework; sourceTree = "<group>"; };
		FAFF534C20038DF000D5704D /* CustomPreviewController.swift */ = {isa = PBXFileReference; lastKnownFileType = sourcecode.swift; path = CustomPreviewController.swift; sourceTree = "<group>"; };
		FAFF534D20038DF000D5704D /* CustomPreviewController.xib */ = {isa = PBXFileReference; lastKnownFileType = file.xib; path = CustomPreviewController.xib; sourceTree = "<group>"; };
/* End PBXFileReference section */

/* Begin PBXFrameworksBuildPhase section */
		FAFF532D20038D3F00D5704D /* Frameworks */ = {
			isa = PBXFrameworksBuildPhase;
			buildActionMask = 2147483647;
			files = (
				FAFF534720038D7B00D5704D /* ZiggeoSwiftFramework.framework in Frameworks */,
			);
			runOnlyForDeploymentPostprocessing = 0;
		};
/* End PBXFrameworksBuildPhase section */

/* Begin PBXGroup section */
		FAFF532720038D3F00D5704D = {
			isa = PBXGroup;
			children = (
				FAFF534520038D6D00D5704D /* ZiggeoSwiftFramework.framework */,
				FAFF533220038D3F00D5704D /* CustomPreview */,
				FAFF533120038D3F00D5704D /* Products */,
			);
			sourceTree = "<group>";
		};
		FAFF533120038D3F00D5704D /* Products */ = {
			isa = PBXGroup;
			children = (
				FAFF533020038D3F00D5704D /* CustomPreview.app */,
			);
			name = Products;
			sourceTree = "<group>";
		};
		FAFF533220038D3F00D5704D /* CustomPreview */ = {
			isa = PBXGroup;
			children = (
				FAFF533320038D3F00D5704D /* AppDelegate.swift */,
				FAFF533520038D3F00D5704D /* ViewController.swift */,
				FAFF533720038D3F00D5704D /* Main.storyboard */,
				FAFF533A20038D3F00D5704D /* Assets.xcassets */,
				FAFF533C20038D3F00D5704D /* LaunchScreen.storyboard */,
				FAFF533F20038D3F00D5704D /* Info.plist */,
				FAFF534C20038DF000D5704D /* CustomPreviewController.swift */,
				FAFF534D20038DF000D5704D /* CustomPreviewController.xib */,
			);
			path = CustomPreview;
			sourceTree = "<group>";
		};
/* End PBXGroup section */

/* Begin PBXNativeTarget section */
		FAFF532F20038D3F00D5704D /* CustomPreview */ = {
			isa = PBXNativeTarget;
			buildConfigurationList = FAFF534220038D3F00D5704D /* Build configuration list for PBXNativeTarget "CustomPreview" */;
			buildPhases = (
				FAFF532C20038D3F00D5704D /* Sources */,
				FAFF532D20038D3F00D5704D /* Frameworks */,
				FAFF532E20038D3F00D5704D /* Resources */,
				FAFF534920038D7B00D5704D /* Embed Frameworks */,
			);
			buildRules = (
			);
			dependencies = (
			);
			name = CustomPreview;
			productName = CustomPreview;
			productReference = FAFF533020038D3F00D5704D /* CustomPreview.app */;
			productType = "com.apple.product-type.application";
		};
/* End PBXNativeTarget section */

/* Begin PBXProject section */
		FAFF532820038D3F00D5704D /* Project object */ = {
			isa = PBXProject;
			attributes = {
				LastSwiftUpdateCheck = 0910;
				LastUpgradeCheck = 0910;
				ORGANIZATIONNAME = alex;
				TargetAttributes = {
					FAFF532F20038D3F00D5704D = {
						CreatedOnToolsVersion = 9.1;
						ProvisioningStyle = Automatic;
					};
				};
			};
			buildConfigurationList = FAFF532B20038D3F00D5704D /* Build configuration list for PBXProject "CustomPreview" */;
			compatibilityVersion = "Xcode 8.0";
			developmentRegion = en;
			hasScannedForEncodings = 0;
			knownRegions = (
				en,
				Base,
			);
			mainGroup = FAFF532720038D3F00D5704D;
			productRefGroup = FAFF533120038D3F00D5704D /* Products */;
			projectDirPath = "";
			projectRoot = "";
			targets = (
				FAFF532F20038D3F00D5704D /* CustomPreview */,
			);
		};
/* End PBXProject section */

/* Begin PBXResourcesBuildPhase section */
		FAFF532E20038D3F00D5704D /* Resources */ = {
			isa = PBXResourcesBuildPhase;
			buildActionMask = 2147483647;
			files = (
				FAFF533E20038D3F00D5704D /* LaunchScreen.storyboard in Resources */,
				FAFF533B20038D3F00D5704D /* Assets.xcassets in Resources */,
				FAFF534F20038DF000D5704D /* CustomPreviewController.xib in Resources */,
				FAFF533920038D3F00D5704D /* Main.storyboard in Resources */,
			);
			runOnlyForDeploymentPostprocessing = 0;
		};
/* End PBXResourcesBuildPhase section */

/* Begin PBXSourcesBuildPhase section */
		FAFF532C20038D3F00D5704D /* Sources */ = {
			isa = PBXSourcesBuildPhase;
			buildActionMask = 2147483647;
			files = (
				FAFF533620038D3F00D5704D /* ViewController.swift in Sources */,
				FAFF534E20038DF000D5704D /* CustomPreviewController.swift in Sources */,
				FAFF533420038D3F00D5704D /* AppDelegate.swift in Sources */,
			);
			runOnlyForDeploymentPostprocessing = 0;
		};
/* End PBXSourcesBuildPhase section */

/* Begin PBXVariantGroup section */
		FAFF533720038D3F00D5704D /* Main.storyboard */ = {
			isa = PBXVariantGroup;
			children = (
				FAFF533820038D3F00D5704D /* Base */,
			);
			name = Main.storyboard;
			sourceTree = "<group>";
		};
		FAFF533C20038D3F00D5704D /* LaunchScreen.storyboard */ = {
			isa = PBXVariantGroup;
			children = (
				FAFF533D20038D3F00D5704D /* Base */,
			);
			name = LaunchScreen.storyboard;
			sourceTree = "<group>";
		};
/* End PBXVariantGroup section */

/* Begin XCBuildConfiguration section */
		FAFF534020038D3F00D5704D /* Debug */ = {
			isa = XCBuildConfiguration;
			buildSettings = {
				ALWAYS_SEARCH_USER_PATHS = NO;
				CLANG_ANALYZER_NONNULL = YES;
				CLANG_ANALYZER_NUMBER_OBJECT_CONVERSION = YES_AGGRESSIVE;
				CLANG_CXX_LANGUAGE_STANDARD = "gnu++14";
				CLANG_CXX_LIBRARY = "libc++";
				CLANG_ENABLE_MODULES = YES;
				CLANG_ENABLE_OBJC_ARC = YES;
				CLANG_WARN_BLOCK_CAPTURE_AUTORELEASING = YES;
				CLANG_WARN_BOOL_CONVERSION = YES;
				CLANG_WARN_COMMA = YES;
				CLANG_WARN_CONSTANT_CONVERSION = YES;
				CLANG_WARN_DIRECT_OBJC_ISA_USAGE = YES_ERROR;
				CLANG_WARN_DOCUMENTATION_COMMENTS = YES;
				CLANG_WARN_EMPTY_BODY = YES;
				CLANG_WARN_ENUM_CONVERSION = YES;
				CLANG_WARN_INFINITE_RECURSION = YES;
				CLANG_WARN_INT_CONVERSION = YES;
				CLANG_WARN_NON_LITERAL_NULL_CONVERSION = YES;
				CLANG_WARN_OBJC_LITERAL_CONVERSION = YES;
				CLANG_WARN_OBJC_ROOT_CLASS = YES_ERROR;
				CLANG_WARN_RANGE_LOOP_ANALYSIS = YES;
				CLANG_WARN_STRICT_PROTOTYPES = YES;
				CLANG_WARN_SUSPICIOUS_MOVE = YES;
				CLANG_WARN_UNGUARDED_AVAILABILITY = YES_AGGRESSIVE;
				CLANG_WARN_UNREACHABLE_CODE = YES;
				CLANG_WARN__DUPLICATE_METHOD_MATCH = YES;
				CODE_SIGN_IDENTITY = "iPhone Developer";
				COPY_PHASE_STRIP = NO;
				DEBUG_INFORMATION_FORMAT = dwarf;
				ENABLE_STRICT_OBJC_MSGSEND = YES;
				ENABLE_TESTABILITY = YES;
				GCC_C_LANGUAGE_STANDARD = gnu11;
				GCC_DYNAMIC_NO_PIC = NO;
				GCC_NO_COMMON_BLOCKS = YES;
				GCC_OPTIMIZATION_LEVEL = 0;
				GCC_PREPROCESSOR_DEFINITIONS = (
					"DEBUG=1",
					"$(inherited)",
				);
				GCC_WARN_64_TO_32_BIT_CONVERSION = YES;
				GCC_WARN_ABOUT_RETURN_TYPE = YES_ERROR;
				GCC_WARN_UNDECLARED_SELECTOR = YES;
				GCC_WARN_UNINITIALIZED_AUTOS = YES_AGGRESSIVE;
				GCC_WARN_UNUSED_FUNCTION = YES;
				GCC_WARN_UNUSED_VARIABLE = YES;
				IPHONEOS_DEPLOYMENT_TARGET = 11.1;
				MTL_ENABLE_DEBUG_INFO = YES;
				ONLY_ACTIVE_ARCH = YES;
				SDKROOT = iphoneos;
				SWIFT_ACTIVE_COMPILATION_CONDITIONS = DEBUG;
				SWIFT_OPTIMIZATION_LEVEL = "-Onone";
			};
			name = Debug;
		};
		FAFF534120038D3F00D5704D /* Release */ = {
			isa = XCBuildConfiguration;
			buildSettings = {
				ALWAYS_SEARCH_USER_PATHS = NO;
				CLANG_ANALYZER_NONNULL = YES;
				CLANG_ANALYZER_NUMBER_OBJECT_CONVERSION = YES_AGGRESSIVE;
				CLANG_CXX_LANGUAGE_STANDARD = "gnu++14";
				CLANG_CXX_LIBRARY = "libc++";
				CLANG_ENABLE_MODULES = YES;
				CLANG_ENABLE_OBJC_ARC = YES;
				CLANG_WARN_BLOCK_CAPTURE_AUTORELEASING = YES;
				CLANG_WARN_BOOL_CONVERSION = YES;
				CLANG_WARN_COMMA = YES;
				CLANG_WARN_CONSTANT_CONVERSION = YES;
				CLANG_WARN_DIRECT_OBJC_ISA_USAGE = YES_ERROR;
				CLANG_WARN_DOCUMENTATION_COMMENTS = YES;
				CLANG_WARN_EMPTY_BODY = YES;
				CLANG_WARN_ENUM_CONVERSION = YES;
				CLANG_WARN_INFINITE_RECURSION = YES;
				CLANG_WARN_INT_CONVERSION = YES;
				CLANG_WARN_NON_LITERAL_NULL_CONVERSION = YES;
				CLANG_WARN_OBJC_LITERAL_CONVERSION = YES;
				CLANG_WARN_OBJC_ROOT_CLASS = YES_ERROR;
				CLANG_WARN_RANGE_LOOP_ANALYSIS = YES;
				CLANG_WARN_STRICT_PROTOTYPES = YES;
				CLANG_WARN_SUSPICIOUS_MOVE = YES;
				CLANG_WARN_UNGUARDED_AVAILABILITY = YES_AGGRESSIVE;
				CLANG_WARN_UNREACHABLE_CODE = YES;
				CLANG_WARN__DUPLICATE_METHOD_MATCH = YES;
				CODE_SIGN_IDENTITY = "iPhone Developer";
				COPY_PHASE_STRIP = NO;
				DEBUG_INFORMATION_FORMAT = "dwarf-with-dsym";
				ENABLE_NS_ASSERTIONS = NO;
				ENABLE_STRICT_OBJC_MSGSEND = YES;
				GCC_C_LANGUAGE_STANDARD = gnu11;
				GCC_NO_COMMON_BLOCKS = YES;
				GCC_WARN_64_TO_32_BIT_CONVERSION = YES;
				GCC_WARN_ABOUT_RETURN_TYPE = YES_ERROR;
				GCC_WARN_UNDECLARED_SELECTOR = YES;
				GCC_WARN_UNINITIALIZED_AUTOS = YES_AGGRESSIVE;
				GCC_WARN_UNUSED_FUNCTION = YES;
				GCC_WARN_UNUSED_VARIABLE = YES;
				IPHONEOS_DEPLOYMENT_TARGET = 11.1;
				MTL_ENABLE_DEBUG_INFO = NO;
				SDKROOT = iphoneos;
				SWIFT_OPTIMIZATION_LEVEL = "-Owholemodule";
				VALIDATE_PRODUCT = YES;
			};
			name = Release;
		};
		FAFF534320038D3F00D5704D /* Debug */ = {
			isa = XCBuildConfiguration;
			buildSettings = {
				ASSETCATALOG_COMPILER_APPICON_NAME = AppIcon;
				CODE_SIGN_STYLE = Automatic;
				DEVELOPMENT_TEAM = 7BT7647345;
				FRAMEWORK_SEARCH_PATHS = "$(PROJECT_DIR)/../../Output/swift3.2.2/Universal";
				INFOPLIST_FILE = CustomPreview/Info.plist;
				IPHONEOS_DEPLOYMENT_TARGET = 10.0;
				LD_RUNPATH_SEARCH_PATHS = "$(inherited) @executable_path/Frameworks";
				PRODUCT_BUNDLE_IDENTIFIER = com.ziggeo.samples.CustomPreview;
				PRODUCT_NAME = "$(TARGET_NAME)";
				SWIFT_VERSION = 4.0;
				TARGETED_DEVICE_FAMILY = "1,2";
			};
			name = Debug;
		};
		FAFF534420038D3F00D5704D /* Release */ = {
			isa = XCBuildConfiguration;
			buildSettings = {
				ASSETCATALOG_COMPILER_APPICON_NAME = AppIcon;
				CODE_SIGN_STYLE = Automatic;
				DEVELOPMENT_TEAM = 7BT7647345;
				FRAMEWORK_SEARCH_PATHS = "$(PROJECT_DIR)/../../Output/swift3.2.2/Universal";
				INFOPLIST_FILE = CustomPreview/Info.plist;
				IPHONEOS_DEPLOYMENT_TARGET = 10.0;
				LD_RUNPATH_SEARCH_PATHS = "$(inherited) @executable_path/Frameworks";
				PRODUCT_BUNDLE_IDENTIFIER = com.ziggeo.samples.CustomPreview;
				PRODUCT_NAME = "$(TARGET_NAME)";
				SWIFT_VERSION = 4.0;
				TARGETED_DEVICE_FAMILY = "1,2";
			};
			name = Release;
		};
/* End XCBuildConfiguration section */

/* Begin XCConfigurationList section */
		FAFF532B20038D3F00D5704D /* Build configuration list for PBXProject "CustomPreview" */ = {
			isa = XCConfigurationList;
			buildConfigurations = (
				FAFF534020038D3F00D5704D /* Debug */,
				FAFF534120038D3F00D5704D /* Release */,
			);
			defaultConfigurationIsVisible = 0;
			defaultConfigurationName = Release;
		};
		FAFF534220038D3F00D5704D /* Build configuration list for PBXNativeTarget "CustomPreview" */ = {
			isa = XCConfigurationList;
			buildConfigurations = (
				FAFF534320038D3F00D5704D /* Debug */,
				FAFF534420038D3F00D5704D /* Release */,
			);
			defaultConfigurationIsVisible = 0;
			defaultConfigurationName = Release;
		};
/* End XCConfigurationList section */
	};
	rootObject = FAFF532820038D3F00D5704D /* Project object */;
}
